cloud.google.com/go v0.26.0/go.mod h1:aQUYkXzVsufM+DwF1aE+0xfcU+56JwCaLick0ClmMTw=
cloud.google.com/go v0.114.0 h1:OIPFAdfrFDFO2ve2U7r/H5SwSbBzEdrBdE7xkgwc+kY=
cloud.google.com/go v0.114.0/go.mod h1:ZV9La5YYxctro1HTPug5lXH/GefROyW8PPD4T8n9J8E=
cloud.google.com/go/ai v0.7.0 h1:P6+b5p4gXlza5E+u7uvcgYlzZ7103ACg70YdZeC6oGE=
cloud.google.com/go/ai v0.7.0/go.mod h1:7ozuEcraovh4ABsPbrec3o4LmFl9HigNI3D5haxYeQo=
cloud.google.com/go/aiplatform v1.68.0 h1:EPPqgHDJpBZKRvv+OsB3cr0jYz3EL2pZ+802rBPcG8U=
cloud.google.com/go/aiplatform v1.68.0/go.mod h1:105MFA3svHjC3Oazl7yjXAmIR89LKhRAeNdnDKJczME=
cloud.google.com/go/auth v0.5.1 h1:0QNO7VThG54LUzKiQxv8C6x1YX7lUrzlAa1nVLF8CIw=
cloud.google.com/go/auth v0.5.1/go.mod h1:vbZT8GjzDf3AVqCcQmqeeM32U9HBFc32vVVAbwDsa6s=
cloud.google.com/go/auth/oauth2adapt v0.2.2 h1:+TTV8aXpjeChS9M+aTtN/TjdQnzJvmzKFt//oWu7HX4=
cloud.google.com/go/auth/oauth2adapt v0.2.2/go.mod h1:wcYjgpZI9+Yu7LyYBg4pqSiaRkfEK3GQcpb7C/uyF1Q=
cloud.google.com/go/compute/metadata v0.3.0 h1:Tz+eQXMEqDIKRsmY3cHTL6FVaynIjX2QxYC4trgAKZc=
cloud.google.com/go/compute/metadata v0.3.0/go.mod h1:zFmK7XCadkQkj6TtorcaGlCW1hT1fIilQDwofLpJ20k=
cloud.google.com/go/iam v1.1.8 h1:r7umDwhj+BQyz0ScZMp4QrGXjSTI3ZINnpgU2nlB/K0=
cloud.google.com/go/iam v1.1.8/go.mod h1:GvE6lyMmfxXauzNq8NbgJbeVQNspG+tcdL/W8QO1+zE=
cloud.google.com/go/longrunning v0.5.7 h1:WLbHekDbjK1fVFD3ibpFFVoyizlLRl73I7YKuAKilhU=
cloud.google.com/go/longrunning v0.5.7/go.mod h1:8GClkudohy1Fxm3owmBGid8W0pSgodEMwEAztp38Xng=
cloud.google.com/go/vertexai v0.12.0 h1:zTadEo/CtsoyRXNx3uGCncoWAP1H2HakGqwznt+iMo8=
cloud.google.com/go/vertexai v0.12.0/go.mod h1:8u+d0TsvBfAAd2x5R6GMgbYhsLgo3J7lmP4bR8g2ig8=
entgo.io/ent v0.14.3 h1:wokAV/kIlH9TeklJWGGS7AYJdVckr0DloWjIcO9iIIQ=
entgo.io/ent v0.14.3/go.mod h1:aDPE/OziPEu8+OWbzy4UlvWmD2/kbRuWfK2A40hcxJM=
filippo.io/edwards25519 v1.1.0 h1:FNf4tywRC1HmFuKW5xopWpigGjJKiJSV0Cqo0cJWDaA=
filippo.io/edwards25519 v1.1.0/go.mod h1:BxyFTGdWcka3PhytdK4V28tE5sGfRvvvRV7EaN4VDT4=
github.com/BurntSushi/toml v0.3.1/go.mod h1:xHWCNGjB5oqiDr8zfno3MHue2Ht5sIBksp03qcyfWMU=
github.com/aws/aws-sdk-go-v2 v1.37.1 h1:SMUxeNz3Z6nqGsXv0JuJXc8w5YMtrQMuIBmDx//bBDY=
github.com/aws/aws-sdk-go-v2 v1.37.1/go.mod h1:9Q0OoGQoboYIAJyslFyF1f5K1Ryddop8gqMhWx/n4Wg=
github.com/aws/aws-sdk-go-v2/aws/protocol/eventstream v1.7.0 h1:6GMWV6CNpA/6fbFHnoAjrv4+LGfyTqZz2LtCHnspgDg=
github.com/aws/aws-sdk-go-v2/aws/protocol/eventstream v1.7.0/go.mod h1:/mXlTIVG9jbxkqDnr5UQNQxW1HRYxeGklkM9vAFeabg=
github.com/aws/aws-sdk-go-v2/config v1.29.17 h1:jSuiQ5jEe4SAMH6lLRMY9OVC+TqJLP5655pBGjmnjr0=
github.com/aws/aws-sdk-go-v2/config v1.29.17/go.mod h1:9P4wwACpbeXs9Pm9w1QTh6BwWwJjwYvJ1iCt5QbCXh8=
github.com/aws/aws-sdk-go-v2/credentials v1.17.70 h1:ONnH5CM16RTXRkS8Z1qg7/s2eDOhHhaXVd72mmyv4/0=
github.com/aws/aws-sdk-go-v2/credentials v1.17.70/go.mod h1:M+lWhhmomVGgtuPOhO85u4pEa3SmssPTdcYpP/5J/xc=
github.com/aws/aws-sdk-go-v2/feature/ec2/imds v1.16.32 h1:KAXP9JSHO1vKGCr5f4O6WmlVKLFFXgWYAGoJosorxzU=
github.com/aws/aws-sdk-go-v2/feature/ec2/imds v1.16.32/go.mod h1:h4Sg6FQdexC1yYG9RDnOvLbW1a/P986++/Y/a+GyEM8=
github.com/aws/aws-sdk-go-v2/internal/configsources v1.4.1 h1:ksZXBYv80EFTcgc8OJO48aQ8XDWXIQL7gGasPeCoTzI=
github.com/aws/aws-sdk-go-v2/internal/configsources v1.4.1/go.mod h1:HSksQyyJETVZS7uM54cir0IgxttTD+8aEoJMPGepHBI=
github.com/aws/aws-sdk-go-v2/internal/endpoints/v2 v2.7.1 h1:+dn/xF/05utS7tUhjIcndbuaPjfll2LhbH1cCDGLYUQ=
github.com/aws/aws-sdk-go-v2/internal/endpoints/v2 v2.7.1/go.mod h1:hyAGz30LHdm5KBZDI58MXx5lDVZ5CUfvfTZvMu4HCZo=
github.com/aws/aws-sdk-go-v2/internal/ini v1.8.3 h1:bIqFDwgGXXN1Kpp99pDOdKMTTb5d2KyU5X/BZxjOkRo=
github.com/aws/aws-sdk-go-v2/internal/ini v1.8.3/go.mod h1:H5O/EsxDWyU+LP/V8i5sm8cxoZgc2fdNR9bxlOFrQTo=
github.com/aws/aws-sdk-go-v2/internal/v4a v1.4.1 h1:4HbnOGE9491a9zYJ9VpPh1ApgEq6ZlD4Kuv1PJenFpc=
github.com/aws/aws-sdk-go-v2/internal/v4a v1.4.1/go.mod h1:Z6QnHC6TmpJWUxAy8FI4JzA7rTwl6EIANkyK9OR5z5w=
github.com/aws/aws-sdk-go-v2/service/internal/accept-encoding v1.13.0 h1:6+lZi2JeGKtCraAj1rpoZfKqnQ9SptseRZioejfUOLM=
github.com/aws/aws-sdk-go-v2/service/internal/accept-encoding v1.13.0/go.mod h1:eb3gfbVIxIoGgJsi9pGne19dhCBpK6opTYpQqAmdy44=
github.com/aws/aws-sdk-go-v2/service/internal/checksum v1.8.1 h1:ps3nrmBWdWwakZBydGX1CxeYFK80HsQ79JLMwm7Y4/c=
github.com/aws/aws-sdk-go-v2/service/internal/checksum v1.8.1/go.mod h1:bAdfrfxENre68Hh2swNaGEVuFYE74o0SaSCAlaG9E74=
github.com/aws/aws-sdk-go-v2/service/internal/presigned-url v1.13.1 h1:ky79ysLMxhwk5rxJtS+ILd3Mc8kC5fhsLBrP27r6h4I=
github.com/aws/aws-sdk-go-v2/service/internal/presigned-url v1.13.1/go.mod h1:+2MmkvFvPYM1vsozBWduoLJUi5maxFk5B7KJFECujhY=
github.com/aws/aws-sdk-go-v2/service/internal/s3shared v1.19.1 h1:MdVYlN5pcQu1t1OYx4Ajo3fKl1IEhzgdPQbYFCRjYS8=
github.com/aws/aws-sdk-go-v2/service/internal/s3shared v1.19.1/go.mod h1:iikmNLrvHm2p4a3/4BPeix2S9P+nW8yM1IZW73x8bFA=
github.com/aws/aws-sdk-go-v2/service/s3 v1.85.1 h1:Hsqo8+dFxSdDvv9B2PgIx1AJAnDpqgS0znVI+R+MoGY=
github.com/aws/aws-sdk-go-v2/service/s3 v1.85.1/go.mod h1:8Q0TAPXD68Z8YqlcIGHs/UNIDHsxErV9H4dl4vJEpgw=
github.com/aws/aws-sdk-go-v2/service/ssm v1.59.3 h1:LU+VzAtElJqi84EBkMSGq6hhIMO3fuCDKRItQpaHBlw=
github.com/aws/aws-sdk-go-v2/service/ssm v1.59.3/go.mod h1:IyVabkWrs8SNdOEZLyFFcW9bUltV4G6OQS0s6H20PHg=
github.com/aws/aws-sdk-go-v2/service/sso v1.25.5 h1:AIRJ3lfb2w/1/8wOOSqYb9fUKGwQbtysJ2H1MofRUPg=
github.com/aws/aws-sdk-go-v2/service/sso v1.25.5/go.mod h1:b7SiVprpU+iGazDUqvRSLf5XmCdn+JtT1on7uNL6Ipc=
github.com/aws/aws-sdk-go-v2/service/ssooidc v1.30.3 h1:BpOxT3yhLwSJ77qIY3DoHAQjZsc4HEGfMCE4NGy3uFg=
github.com/aws/aws-sdk-go-v2/service/ssooidc v1.30.3/go.mod h1:vq/GQR1gOFLquZMSrxUK/cpvKCNVYibNyJ1m7JrU88E=
github.com/aws/aws-sdk-go-v2/service/sts v1.34.0 h1:NFOJ/NXEGV4Rq//71Hs1jC/NvPs1ezajK+yQmkwnPV0=
github.com/aws/aws-sdk-go-v2/service/sts v1.34.0/go.mod h1:7ph2tGpfQvwzgistp2+zga9f+bCjlQJPkPUmMgDSD7w=
github.com/aws/smithy-go v1.22.5 h1:P9ATCXPMb2mPjYBgueqJNCA5S9UfktsW0tTxi+a7eqw=
github.com/aws/smithy-go v1.22.5/go.mod h1:t1ufH5HMublsJYulve2RKmHDC15xu1f26kHCp/HgceI=
github.com/beevik/etree v1.1.0/go.mod h1:r8Aw8JqVegEf0w2fDnATrX9VpkMcyFeM0FhwO62wh+A=
github.com/census-instrumentation/opencensus-proto v0.2.1/go.mod h1:f6KPmirojxKA12rnyqOA5BBL4O983OfeGPqjHWSTneU=
github.com/client9/misspell v0.3.4/go.mod h1:qj6jICC3Q7zFZvVWo7KLAzC3yx5G7kyvSDkc90ppPyw=
github.com/cncf/udpa/go v0.0.0-20191209042840-269d4d468f6f/go.mod h1:M8M6+tZqaGXZJjfX53e64911xZQV5JYwmTeXPW+k8Sc=
github.com/coreos/go-systemd/v22 v22.5.0/go.mod h1:Y58oyj3AT4RCenI/lSvhwexgC+NSVTIJ3seZv2GcEnc=
github.com/creack/pty v1.1.9/go.mod h1:oKZEueFk5CKHvIhNR5MUki03XCEU+Q6VDXinZuGJ33E=
github.com/davecgh/go-spew v1.1.0/go.mod h1:J7Y8YcW2NihsgmVo/mv3lAwl/skON4iLHjSsI+c5H38=
github.com/davecgh/go-spew v1.1.1 h1:vj9j/u1bqnvCEfJOwUhtlOARqs3+rkHYY13jYWTU97c=
github.com/davecgh/go-spew v1.1.1/go.mod h1:J7Y8YcW2NihsgmVo/mv3lAwl/skON4iLHjSsI+c5H38=
github.com/davidgiffin/go-timezone-local v0.0.0-20230725141713-c1acb60519a6 h1:cXJDI6sVrWJ9vr5CaXWpQWibw1T2FVtCJKhQRjI1N9s=
github.com/davidgiffin/go-timezone-local v0.0.0-20230725141713-c1acb60519a6/go.mod h1:vo92MrHxZS1PESAyNmNo9tlodInNehUmyCLDnQpTzSY=
github.com/decred/dcrd/dcrec/secp256k1/v4 v4.4.0 h1:NMZiJj8QnKe1LgsbDayM4UoHwbvwDRwnI3hwNaAHRnc=
github.com/decred/dcrd/dcrec/secp256k1/v4 v4.4.0/go.mod h1:ZXNYxsqcloTdSy/rNShjYzMhyjf0LaoftYK0p+A3h40=
github.com/descope/go-sdk v1.6.14 h1:f1EzXWZXs56mSC1zKWU3l/qYg99iwahydSelexJAC1k=
github.com/descope/go-sdk v1.6.14/go.mod h1:khLMD/1zglkkZCRg6xCA6DI8bXj7wAbZEOonwMrUkF4=
github.com/dlclark/regexp2 v1.10.0 h1:+/GIL799phkJqYW+3YbOd8LCcbHzT0Pbo8zl70MHsq0=
github.com/dlclark/regexp2 v1.10.0/go.mod h1:DHkYz0B9wPfa6wondMfaivmHpzrQ3v9q8cnmRbL6yW8=
github.com/envoyproxy/go-control-plane v0.9.0/go.mod h1:YTl/9mNaCwkRvm6d1a2C3ymFceY/DCBVvsKhRF0iEA4=
github.com/envoyproxy/go-control-plane v0.9.1-0.20191026205805-5f8ba28d4473/go.mod h1:YTl/9mNaCwkRvm6d1a2C3ymFceY/DCBVvsKhRF0iEA4=
github.com/envoyproxy/go-control-plane v0.9.4/go.mod h1:6rpuAdCZL397s3pYoYcLgu1mIlRU8Am5FuJP05cCM98=
github.com/envoyproxy/protoc-gen-validate v0.1.0/go.mod h1:iSmxcyjqTsJpI2R4NaDN7+kN2VEUnK/pcBlmesArF7c=
github.com/fatih/color v1.17.0 h1:GlRw1BRJxkpqUCBKzKOw098ed57fEsKeNjpTe3cSjK4=
github.com/fatih/color v1.17.0/go.mod h1:YZ7TlrGPkiz6ku9fK3TLD/pl3CpsiFyu8N92HLgmosI=
github.com/felixge/httpsnoop v1.0.4 h1:NFTV2Zj1bL4mc9sqWACXbQFVBBg2W3GPvqp8/ESS2Wg=
github.com/felixge/httpsnoop v1.0.4/go.mod h1:m8KPJKqk1gH5J9DgRY2ASl2lWCfGKXixSwevea8zH2U=
github.com/gage-technologies/mistral-go v1.1.0 h1:POv1wM9jA/9OBXGV2YdPi9Y/h09+MjCbUF+9hRYlVUI=
github.com/gage-technologies/mistral-go v1.1.0/go.mod h1:tF++Xt7U975GcLlzhrjSQb8l/x+PrriO9QEdsgm9l28=
github.com/go-chi/chi/v5 v5.2.0 h1:Aj1EtB0qR2Rdo2dG4O94RIU35w2lvQSj6BRA4+qwFL0=
github.com/go-chi/chi/v5 v5.2.0/go.mod h1:DslCQbL2OYiznFReuXYUmQ2hGd1aDpCnlMNITLSKoi8=
github.com/go-chi/cors v1.2.1 h1:xEC8UT3Rlp2QuWNEr4Fs/c2EAGVKBwy/1vHx3bppil4=
github.com/go-chi/cors v1.2.1/go.mod h1:sSbTewc+6wYHBBCW7ytsFSn836hqM7JxpglAy2Vzc58=
github.com/go-logr/logr v1.2.2/go.mod h1:jdQByPbusPIv2/zmleS9BjJVeZ6kBagPoEUsqbVz/1A=
github.com/go-logr/logr v1.4.1 h1:pKouT5E8xu9zeFC39JXRDukb6JFQPXM5p5I91188VAQ=
github.com/go-logr/logr v1.4.1/go.mod h1:9T104GzyrTigFIr8wt5mBrctHMim0Nb2HLGrmQ40KvY=
github.com/go-logr/stdr v1.2.2 h1:hSWxHoqTgW2S2qGc0LTAI563KZ5YKYRhT3MFKZMbjag=
github.com/go-logr/stdr v1.2.2/go.mod h1:mMo/vtBO5dYbehREoey6XUKy/eSumjCCveDpRre4VKE=
github.com/go-pg/pg/v10 v10.11.0 h1:CMKJqLgTrfpE/aOVeLdybezR2om071Vh38OLZjsyMI0=
github.com/go-pg/pg/v10 v10.11.0/go.mod h1:4BpHRoxE61y4Onpof3x1a2SQvi9c+q1dJnrNdMjsroA=
github.com/go-pg/zerochecker v0.2.0 h1:pp7f72c3DobMWOb2ErtZsnrPaSvHd2W4o9//8HtF4mU=
github.com/go-pg/zerochecker v0.2.0/go.mod h1:NJZ4wKL0NmTtz0GKCoJ8kym6Xn/EQzXRl2OnAe7MmDo=
github.com/go-sql-driver/mysql v1.7.0/go.mod h1:OXbVy3sEdcQ2Doequ6Z5BW6fXNQTmx+9S1MCJN5yJMI=
github.com/go-sql-driver/mysql v1.8.1 h1:LedoTUt/eveggdHS9qUFC1EFSa8bU2+1pZjSRpvNJ1Y=
github.com/go-sql-driver/mysql v1.8.1/go.mod h1:wEBSXgmK//2ZFJyE+qWnIsVGmvmEKlqwuVSjsCm7DZg=
github.com/goccy/go-json v0.10.4 h1:JSwxQzIqKfmFX1swYPpUThQZp/Ka4wzJdK0LWVytLPM=
github.com/goccy/go-json v0.10.4/go.mod h1:oq7eo15ShAhp70Anwd5lgX2pLfOS3QCiwU/PULtXL6M=
github.com/godbus/dbus/v5 v5.0.4/go.mod h1:xhWf0FNVPg57R7Z0UbKHbJfkEywrmjJnf7w5xrFpKfA=
github.com/golang-jwt/jwt/v5 v5.2.2 h1:Rl4B7itRWVtYIHFrSNd7vhTiz9UpLdi6gZhZ3wEeDy8=
github.com/golang-jwt/jwt/v5 v5.2.2/go.mod h1:pqrtFR0X4osieyHYxtmOUWsAWrfe1Q5UVIyoH402zdk=
github.com/golang-sql/civil v0.0.0-20220223132316-b832511892a9 h1:au07oEsX2xN0ktxqI+Sida1w446QrXBRJ0nee3SNZlA=
github.com/golang-sql/civil v0.0.0-20220223132316-b832511892a9/go.mod h1:8vg3r2VgvsThLBIFL93Qb5yWzgyZWhEmBwUJWevAkK0=
github.com/golang-sql/sqlexp v0.1.0 h1:ZCD6MBpcuOVfGVqsEmY5/4FtYiKz6tSyUv9LPEDei6A=
github.com/golang-sql/sqlexp v0.1.0/go.mod h1:J4ad9Vo8ZCWQ2GMrC4UCQy1JpCbwU9m3EOqtpKwwwHI=
github.com/golang/glog v0.0.0-20160126235308-23def4e6c14b/go.mod h1:SBH7ygxi8pfUlaOkMMuAQtPIUF8ecWP5IEl/CR7VP2Q=
github.com/golang/groupcache v0.0.0-20200121045136-8c9f03a8e57e/go.mod h1:cIg4eruTrX1D+g88fzRXU5OdNfaM+9IcxsU14FzY7Hc=
github.com/golang/groupcache v0.0.0-20210331224755-41bb18bfe9da h1:oI5xCqsCo564l8iNU+DwB5epxmsaqB+rhGL0m5jtYqE=
github.com/golang/groupcache v0.0.0-20210331224755-41bb18bfe9da/go.mod h1:cIg4eruTrX1D+g88fzRXU5OdNfaM+9IcxsU14FzY7Hc=
github.com/golang/mock v1.1.1/go.mod h1:oTYuIxOrZwtPieC+H1uAHpcLFnEyAGVDL/k47Jfbm0A=
github.com/golang/mock v1.6.0 h1:ErTB+efbowRARo13NNdxyJji2egdxLGQhRaY+DUumQc=
github.com/golang/mock v1.6.0/go.mod h1:p6yTPP+5HYm5mzsMV8JkE6ZKdX+/wYM6Hr+LicevLPs=
github.com/golang/protobuf v1.2.0/go.mod h1:6lQm79b+lXiMfvg/cZm0SGofjICqVBUtrP5yJMmIC1U=
github.com/golang/protobuf v1.3.2/go.mod h1:6lQm79b+lXiMfvg/cZm0SGofjICqVBUtrP5yJMmIC1U=
github.com/golang/protobuf v1.4.0-rc.1/go.mod h1:ceaxUfeHdC40wWswd/P6IGgMaK3YpKi5j83Wpe3EHw8=
github.com/golang/protobuf v1.4.0-rc.1.0.20200221234624-67d41d38c208/go.mod h1:xKAWHe0F5eneWXFV3EuXVDTCmh+JuBKY0li0aMyXATA=
github.com/golang/protobuf v1.4.0-rc.2/go.mod h1:LlEzMj4AhA7rCAGe4KMBDvJI+AwstrUpVNzEA03Pprs=
github.com/golang/protobuf v1.4.0-rc.4.0.20200313231945-b860323f09d0/go.mod h1:WU3c8KckQ9AFe+yFwt9sWVRKCVIyN9cPHBJSNnbL67w=
github.com/golang/protobuf v1.4.0/go.mod h1:jodUvKwWbYaEsadDk5Fwe5c77LiNKVO9IDvqG2KuDX0=
github.com/golang/protobuf v1.4.1/go.mod h1:U8fpvMrcmy5pZrNK1lt4xCsGvpyWQ/VVv6QDs8UjoX8=
github.com/golang/protobuf v1.4.3/go.mod h1:oDoupMAO8OvCJWAcko0GGGIgR6R6ocIYbsSw735rRwI=
github.com/golang/protobuf v1.5.4 h1:i7eJL8qZTpSEXOPTxNKhASYpMn+8e5Q6AdndVa1dWek=
github.com/golang/protobuf v1.5.4/go.mod h1:lnTiLA8Wa4RWRcIUkrtSVa5nRhsEGBg48fD6rSs7xps=
github.com/google/generative-ai-go v0.15.1 h1:n8aQUpvhPOlGVuM2DRkJ2jvx04zpp42B778AROJa+pQ=
github.com/google/generative-ai-go v0.15.1/go.mod h1:AAucpWZjXsDKhQYWvCYuP6d0yB1kX998pJlOW1rAesw=
github.com/google/go-cmp v0.2.0/go.mod h1:oXzfMopK8JAjlY9xF4vHSVASa0yLyX7SntLO5aqRK0M=
github.com/google/go-cmp v0.3.0/go.mod h1:8QqcDgzrUqlUb/G2PQTWiueGozuR1884gddMywk6iLU=
github.com/google/go-cmp v0.3.1/go.mod h1:8QqcDgzrUqlUb/G2PQTWiueGozuR1884gddMywk6iLU=
github.com/google/go-cmp v0.4.0/go.mod h1:v8dTdLbMG2kIc/vJvl+f65V22dbkXbowE6jgT/gNBxE=
github.com/google/go-cmp v0.5.0/go.mod h1:v8dTdLbMG2kIc/vJvl+f65V22dbkXbowE6jgT/gNBxE=
github.com/google/go-cmp v0.5.3/go.mod h1:v8dTdLbMG2kIc/vJvl+f65V22dbkXbowE6jgT/gNBxE=
github.com/google/go-cmp v0.7.0 h1:wk8382ETsv4JYUZwIsn6YpYiWiBsYLSJiTsyBybVuN8=
github.com/google/go-cmp v0.7.0/go.mod h1:pXiqmnSA92OHEEa9HXL2W4E7lf9JzCmGVUdgjX3N/iU=
github.com/google/s2a-go v0.1.7 h1:60BLSyTrOV4/haCDW4zb1guZItoSq8foHCXrAnjBo/o=
github.com/google/s2a-go v0.1.7/go.mod h1:50CgR4k1jNlWBu4UfS4AcfhVe1r6pdZPygJ3R8F0Qdw=
github.com/google/uuid v1.1.2/go.mod h1:TIyPZe4MgqvfeYDBFedMoGGpEw/LqOeaOT+nhxU+yHo=
github.com/google/uuid v1.6.0 h1:NIvaJDMOsjHA8n1jAhLSgzrAzy1Hgr+hNrb57e+94F0=
github.com/google/uuid v1.6.0/go.mod h1:TIyPZe4MgqvfeYDBFedMoGGpEw/LqOeaOT+nhxU+yHo=
github.com/googleapis/enterprise-certificate-proxy v0.3.2 h1:Vie5ybvEvT75RniqhfFxPRy3Bf7vr3h0cechB90XaQs=
github.com/googleapis/enterprise-certificate-proxy v0.3.2/go.mod h1:VLSiSSBs/ksPL8kq3OBOQ6WRI2QnaFynd1DCjZ62+V0=
github.com/googleapis/gax-go/v2 v2.12.4 h1:9gWcmF85Wvq4ryPFvGFaOgPIs1AQX0d0bcbGw4Z96qg=
github.com/googleapis/gax-go/v2 v2.12.4/go.mod h1:KYEYLorsnIGDi/rPC8b5TdlB9kbKoFubselGIoBMCwI=
github.com/jackc/pgpassfile v1.0.0 h1:/6Hmqy13Ss2zCq62VdNG8tM1wchn8zjSGOBJ6icpsIM=
github.com/jackc/pgpassfile v1.0.0/go.mod h1:CEx0iS5ambNFdcRtxPj5JhEz+xB6uRky5eyVu/W2HEg=
github.com/jackc/pgservicefile v0.0.0-20240606120523-5a60cdf6a761 h1:iCEnooe7UlwOQYpKFhBabPMi4aNAfoODPEFNiAnClxo=
github.com/jackc/pgservicefile v0.0.0-20240606120523-5a60cdf6a761/go.mod h1:5TJZWKEWniPve33vlWYSoGYefn3gLQRzjfDlhSJ9ZKM=
github.com/jackc/pgx/v5 v5.7.2 h1:mLoDLV6sonKlvjIEsV56SkWNCnuNv531l94GaIzO+XI=
github.com/jackc/pgx/v5 v5.7.2/go.mod h1:ncY89UGWxg82EykZUwSpUKEfccBGGYq1xjrOpsbsfGQ=
github.com/jackc/puddle/v2 v2.2.2 h1:PR8nw+E/1w0GLuRFSmiioY6UooMp6KJv0/61nB7icHo=
github.com/jackc/puddle/v2 v2.2.2/go.mod h1:vriiEXHvEE654aYKXXjOvZM39qJ0q+azkZFrfEOc3H4=
github.com/jaytaylor/html2text v0.0.0-20230321000545-74c2419ad056 h1:iCHtR9CQyktQ5+f3dMVZfwD2KWJUgm7M0gdL9NGr8KA=
github.com/jaytaylor/html2text v0.0.0-20230321000545-74c2419ad056/go.mod h1:CVKlgaMiht+LXvHG173ujK6JUhZXKb2u/BQtjPDIvyk=
github.com/jinzhu/inflection v1.0.0 h1:K317FqzuhWc8YvSVlFMCCUb36O/S9MCKRDI7QkRKD/E=
github.com/jinzhu/inflection v1.0.0/go.mod h1:h+uFLlag+Qp1Va5pdKtLDYj+kHp5pxUVkryuEj+Srlc=
github.com/jinzhu/now v1.1.2/go.mod h1:d3SSVoowX0Lcu0IBviAWJpolVfI5UJVZZ7cO71lE/z8=
github.com/jinzhu/now v1.1.5 h1:/o9tlHleP7gOFmsnYNz3RGnqzefHA47wQpKrrdTIwXQ=
github.com/jinzhu/now v1.1.5/go.mod h1:d3SSVoowX0Lcu0IBviAWJpolVfI5UJVZZ7cO71lE/z8=
github.com/jmoiron/sqlx v1.3.5 h1:vFFPA71p1o5gAeqtEAwLU4dnX2napprKtHr7PYIcN3g=
github.com/jmoiron/sqlx v1.3.5/go.mod h1:nRVWtLre0KfCLJvgxzCsLVMogSvQ1zNJtpYr2Ccp0mQ=
github.com/joho/godotenv v1.5.1 h1:7eLL/+HRGLY0ldzfGMeQkb7vMd0as4CfYvUVzLqw0N0=
github.com/joho/godotenv v1.5.1/go.mod h1:f4LDr5Voq0i2e/R5DDNOoa2zzDfwtkZa6DnEwAbqwq4=
github.com/kr/pty v1.1.1/go.mod h1:pFQYn66WHrOpPYNljwOMqo10TkYh1fy3cYio2l3bCsQ=
github.com/kr/text v0.1.0/go.mod h1:4Jbv+DJW3UT/LiOwJeYQe1efqtUx/iVham/4vfdArNI=
github.com/kr/text v0.2.0/go.mod h1:eLer722TekiGuMkidMxC/pM04lWEeraHUUmBw8l2grE=
github.com/lestrrat-go/blackmagic v1.0.3 h1:94HXkVLxkZO9vJI/w2u1T0DAoprShFd13xtnSINtDWs=
github.com/lestrrat-go/blackmagic v1.0.3/go.mod h1:6AWFyKNNj0zEXQYfTMPfZrAXUWUfTIZ5ECEUEJaijtw=
github.com/lestrrat-go/httpcc v1.0.1 h1:ydWCStUeJLkpYyjLDHihupbn2tYmZ7m22BGkcvZZrIE=
github.com/lestrrat-go/httpcc v1.0.1/go.mod h1:qiltp3Mt56+55GPVCbTdM9MlqhvzyuL6W/NMDA8vA5E=
github.com/lestrrat-go/httprc v1.0.6 h1:qgmgIRhpvBqexMJjA/PmwSvhNk679oqD1RbovdCGW8k=
github.com/lestrrat-go/httprc v1.0.6/go.mod h1:mwwz3JMTPBjHUkkDv/IGJ39aALInZLrhBp0X7KGUZlo=
github.com/lestrrat-go/iter v1.0.2 h1:gMXo1q4c2pHmC3dn8LzRhJfP1ceCbgSiT9lUydIzltI=
github.com/lestrrat-go/iter v1.0.2/go.mod h1:Momfcq3AnRlRjI5b5O8/G5/BvpzrhoFTZcn06fEOPt4=
github.com/lestrrat-go/jwx/v2 v2.1.6 h1:hxM1gfDILk/l5ylers6BX/Eq1m/pnxe9NBwW6lVfecA=
github.com/lestrrat-go/jwx/v2 v2.1.6/go.mod h1:Y722kU5r/8mV7fYDifjug0r8FK8mZdw0K0GpJw/l8pU=
github.com/lestrrat-go/option v1.0.1 h1:oAzP2fvZGQKWkvHa1/SAcFolBEca1oN+mQ7eooNBEYU=
github.com/lestrrat-go/option v1.0.1/go.mod h1:5ZHFbivi4xwXxhxY9XHDe2FHo6/Z7WWmtT7T5nBBp3I=
github.com/lib/pq v1.10.9 h1:YXG7RB+JIjhP29X+OtkiDnYaXQwpS4JEWq7dtCCRUEw=
github.com/lib/pq v1.10.9/go.mod h1:AlVN5x4E4T544tWzH6hKfbfQvm3HdbOxrmggDNAPY9o=
github.com/localtunnel/go-localtunnel v0.0.0-20170326223115-8a804488f275 h1:IZycmTpoUtQK3PD60UYBwjaCUHUP7cML494ao9/O8+Q=
github.com/localtunnel/go-localtunnel v0.0.0-20170326223115-8a804488f275/go.mod h1:zt6UU74K6Z6oMOYJbJzYpYucqdcQwSMPBEdSvGiaUMw=
github.com/mattn/go-colorable v0.1.13 h1:fFA4WZxdEF4tXPZVKMLwD8oUnCTTo08duU7wxecdEvA=
github.com/mattn/go-colorable v0.1.13/go.mod h1:7S9/ev0klgBDR4GtXTXX8a3vIGJpMovkB8vQcUbaXHg=
github.com/mattn/go-isatty v0.0.16/go.mod h1:kYGgaQfpe5nmfYZH+SKPsOc2e4SrIfOl2e/yFXSvRLM=
github.com/mattn/go-isatty v0.0.19/go.mod h1:W+V8PltTTMOvKvAeJH7IuucS94S2C6jfK/D7dTCTo3Y=
github.com/mattn/go-isatty v0.0.20 h1:xfD0iDuEKnDkl03q4limB+vH+GxLEtL/jb4xVJSWWEY=
github.com/mattn/go-isatty v0.0.20/go.mod h1:W+V8PltTTMOvKvAeJH7IuucS94S2C6jfK/D7dTCTo3Y=
github.com/mattn/go-runewidth v0.0.16 h1:E5ScNMtiwvlvB5paMFdw9p4kSQzbXFikJ5SQO6TULQc=
github.com/mattn/go-runewidth v0.0.16/go.mod h1:Jdepj2loyihRzMpdS35Xk/zdY8IAYHsh153qUoGf23w=
github.com/mattn/go-sqlite3 v1.14.8/go.mod h1:NyWgC/yNuGj7Q9rpYnZvas74GogHl5/Z4A/KQRfk6bU=
github.com/mattn/go-sqlite3 v1.14.17 h1:mCRHCLDUBXgpKAqIKsaAaAsrAlbkeomtRFKXh2L6YIM=
github.com/mattn/go-sqlite3 v1.14.17/go.mod h1:2eHXhiwb8IkHr+BDWZGa96P6+rkvnG63S2DGjv9HUNg=
github.com/microsoft/go-mssqldb v0.17.0 h1:Fto83dMZPnYv1Zwx5vHHxpNraeEaUlQ/hhHLgZiaenE=
github.com/microsoft/go-mssqldb v0.17.0/go.mod h1:OkoNGhGEs8EZqchVTtochlXruEhEOaO4S0d2sB5aeGQ=
github.com/niemeyer/pretty v0.0.0-20200227124842-a10e7caefd8e/go.mod h1:zD1mROLANZcx1PVRCS0qkT7pwLkGfwJo4zjcN/Tysno=
github.com/olekukonko/errors v1.1.0 h1:RNuGIh15QdDenh+hNvKrJkmxxjV4hcS50Db478Ou5sM=
github.com/olekukonko/errors v1.1.0/go.mod h1:ppzxA5jBKcO1vIpCXQ9ZqgDh8iwODz6OXIGKU8r5m4Y=
github.com/olekukonko/ll v0.0.9 h1:Y+1YqDfVkqMWuEQMclsF9HUR5+a82+dxJuL1HHSRpxI=
github.com/olekukonko/ll v0.0.9/go.mod h1:En+sEW0JNETl26+K8eZ6/W4UQ7CYSrrgg/EdIYT2H8g=
github.com/olekukonko/tablewriter v1.0.9 h1:XGwRsYLC2bY7bNd93Dk51bcPZksWZmLYuaTHR0FqfL8=
github.com/olekukonko/tablewriter v1.0.9/go.mod h1:5c+EBPeSqvXnLLgkm9isDdzR3wjfBkHR9Nhfp3NWrzo=
github.com/pgvector/pgvector-go v0.3.0 h1:Ij+Yt78R//uYqs3Zk35evZFvr+G0blW0OUN+Q2D1RWc=
github.com/pgvector/pgvector-go v0.3.0/go.mod h1:duFy+PXWfW7QQd5ibqutBO4GxLsUZ9RVXhFZGIBsWSA=
github.com/pkg/errors v0.9.1 h1:FEBLx1zS214owpjy7qsBeixbURkuhQAwrK5UwLGTwt4=
github.com/pkg/errors v0.9.1/go.mod h1:bwawxfHBFNV+L2hUp1rHADufV3IMtnDRdf1r5NINEl0=
github.com/pkoukk/tiktoken-go v0.1.6 h1:JF0TlJzhTbrI30wCvFuiw6FzP2+/bR+FIxUdgEAcUsw=
github.com/pkoukk/tiktoken-go v0.1.6/go.mod h1:9NiV+i9mJKGj1rYOT+njbv+ZwA/zJxYdewGl6qVatpg=
github.com/pmezard/go-difflib v1.0.0 h1:4DBwDE0NGyQoBHbLQYPwSUPoCMWR5BEzIk/f1lZbAQM=
github.com/pmezard/go-difflib v1.0.0/go.mod h1:iKH77koFhYxTK1pcRnkKkqfTogsbg7gZNVY4sRDYZ/4=
github.com/prometheus/client_model v0.0.0-20190812154241-14fe0d1b01d4/go.mod h1:xMI15A0UPsDsEKsMN9yxemIoYk6Tm2C1GtYGdfGttqA=
github.com/rivo/uniseg v0.2.0 h1:S1pD9weZBuJdFmowNwbpi7BJ8TNftyUImj/0WQi72jY=
github.com/rivo/uniseg v0.2.0/go.mod h1:J6wj4VEh+S6ZtnVlnTBMWIodfgj8LQOQFoIToxlJtxc=
github.com/rs/xid v1.5.0/go.mod h1:trrq9SKmegXys3aeAKXMUTdJsYXVwGY3RLcfgqegfbg=
github.com/rs/zerolog v1.33.0 h1:1cU2KZkvPxNyfgEmhHAz/1A9Bz+llsdYzklWFzgp0r8=
github.com/rs/zerolog v1.33.0/go.mod h1:/7mN4D5sKwJLZQ2b/znpjC3/GQWY/xaDXUM0kKWRHss=
github.com/segmentio/asm v1.2.0 h1:9BQrFxC+YOHJlTlHGkTrFWf59nbL3XnCoFLTwDCI7ys=
github.com/segmentio/asm v1.2.0/go.mod h1:BqMnlJP91P8d+4ibuonYZw9mfnzI9HfxselHZr5aAcs=
github.com/ssor/bom v0.0.0-20170718123548-6386211fdfcf h1:pvbZ0lM0XWPBqUKqFU8cmavspvIl9nulOYwdy6IFRRo=
github.com/ssor/bom v0.0.0-20170718123548-6386211fdfcf/go.mod h1:RJID2RhlZKId02nZ62WenDCkgHFerpIOmW0iT7GKmXM=
github.com/stretchr/objx v0.1.0/go.mod h1:HFkY916IF+rwdDfMAkV7OtwuqBVzrE8GR6GFx+wExME=
github.com/stretchr/objx v0.4.0/go.mod h1:YvHI0jy2hoMjB+UWwv71VJQ9isScKT/TqJzVSSt89Yw=
github.com/stretchr/objx v0.5.0/go.mod h1:Yh+to48EsGEfYuaHDzXPcE3xhTkx73EhmCGUpEOglKo=
github.com/stretchr/testify v1.3.0/go.mod h1:M5WIy9Dh21IEIfnGCwXGc5bZfKNJtfHm1UVUgZn+9EI=
github.com/stretchr/testify v1.6.1/go.mod h1:6Fq8oRcR53rry900zMqJjRRixrwX3KX962/h/Wwjteg=
github.com/stretchr/testify v1.7.0/go.mod h1:6Fq8oRcR53rry900zMqJjRRixrwX3KX962/h/Wwjteg=
github.com/stretchr/testify v1.7.1/go.mod h1:6Fq8oRcR53rry900zMqJjRRixrwX3KX962/h/Wwjteg=
github.com/stretchr/testify v1.8.0/go.mod h1:yNjHg4UonilssWZ8iaSj1OCr/vHnekPRkoO+kdMU+MU=
github.com/stretchr/testify v1.8.1/go.mod h1:w2LPCIKwWwSfY2zedu0+kehJoqGctiVI29o6fzry7u4=
github.com/stretchr/testify v1.10.0 h1:Xv5erBjTwe/5IxqUQTdXv5kgmIvbHo3QQyRwhJsOfJA=
github.com/stretchr/testify v1.10.0/go.mod h1:r2ic/lqez/lEtzL7wO/rwa5dbSLXVDPFyf8C91i36aY=
github.com/tmc/langchaingo v0.1.13 h1:rcpMWBIi2y3B90XxfE4Ao8dhCQPVDMaNPnN5cGB1CaA=
github.com/tmc/langchaingo v0.1.13/go.mod h1:vpQ5NOIhpzxDfTZK9B6tf2GM/MoaHewPWM5KXXGh7hg=
github.com/tmthrgd/go-hex v0.0.0-20190904060850-447a3041c3bc h1:9lRDQMhESg+zvGYmW5DyG0UqvY96Bu5QYsTLvCHdrgo=
github.com/tmthrgd/go-hex v0.0.0-20190904060850-447a3041c3bc/go.mod h1:bciPuU6GHm1iF1pBvUfxfsH0Wmnc2VbpgvbI9ZWuIRs=
github.com/twilio/twilio-go v1.27.0 h1:XmxS8jrNbTj4dKsgkpCFKKr0AvQt7FMix2AA0mXWa1s=
github.com/twilio/twilio-go v1.27.0/go.mod h1:FpgNWMoD8CFnmukpKq9RNpUSGXC0BwnbeKZj2YHlIkw=
github.com/uptrace/bun v1.1.12 h1:sOjDVHxNTuM6dNGaba0wUuz7KvDE1BmNu9Gqs2gJSXQ=
github.com/uptrace/bun v1.1.12/go.mod h1:NPG6JGULBeQ9IU6yHp7YGELRa5Agmd7ATZdz4tGZ6z0=
github.com/uptrace/bun/dialect/pgdialect v1.1.12 h1:m/CM1UfOkoBTglGO5CUTKnIKKOApOYxkcP2qn0F9tJk=
github.com/uptrace/bun/dialect/pgdialect v1.1.12/go.mod h1:Ij6WIxQILxLlL2frUBxUBOZJtLElD2QQNDcu/PWDHTc=
github.com/uptrace/bun/driver/pgdriver v1.1.12 h1:3rRWB1GK0psTJrHwxzNfEij2MLibggiLdTqjTtfHc1w=
github.com/uptrace/bun/driver/pgdriver v1.1.12/go.mod h1:ssYUP+qwSEgeDDS1xm2XBip9el1y9Mi5mTAvLoiADLM=
github.com/vmihailenco/bufpool v0.1.11 h1:gOq2WmBrq0i2yW5QJ16ykccQ4wH9UyEsgLm6czKAd94=
github.com/vmihailenco/bufpool v0.1.11/go.mod h1:AFf/MOy3l2CFTKbxwt0mp2MwnqjNEs5H/UxrkA5jxTQ=
github.com/vmihailenco/msgpack/v5 v5.3.5 h1:5gO0H1iULLWGhs2H5tbAHIZTV8/cYafcFOr9znI5mJU=
github.com/vmihailenco/msgpack/v5 v5.3.5/go.mod h1:7xyJ9e+0+9SaZT0Wt1RGleJXzli6Q/V5KbhBonMG9jc=
github.com/vmihailenco/tagparser v0.1.2 h1:gnjoVuB/kljJ5wICEEOpx98oXMWPLj22G67Vbd1qPqc=
github.com/vmihailenco/tagparser v0.1.2/go.mod h1:OeAg3pn3UbLjkWt+rN9oFYB6u/cQgqMEUPoW2WPyhdI=
github.com/vmihailenco/tagparser/v2 v2.0.0 h1:y09buUbR+b5aycVFQs/g70pqKVZNBmxwAhO7/IwNM9g=
github.com/vmihailenco/tagparser/v2 v2.0.0/go.mod h1:Wri+At7QHww0WTrCBeu4J6bNtoV6mEfg5OIWRZA9qds=
github.com/x448/float16 v0.8.4 h1:qLwI1I70+NjRFUR3zs1JPUCgaCXSh3SW62uAKT1mSBM=
github.com/x448/float16 v0.8.4/go.mod h1:14CWIYCyZA/cWjXOioeEpHeN/83MdbZDRQHoFcYsOfg=
github.com/yuin/goldmark v1.3.5/go.mod h1:mwnBkeHKe2W/ZEtQ+71ViKU8L12m81fl3OWwC1Zlc8k=
go.opencensus.io v0.24.0 h1:y73uSU6J157QMP2kn2r30vwW1A2W2WFwSCGnAVxeaD0=
go.opencensus.io v0.24.0/go.mod h1:vNK8G9p7aAivkbmorf4v+7Hgx+Zs0yY+0fOtgBfjQKo=
go.opentelemetry.io/contrib/instrumentation/google.golang.org/grpc/otelgrpc v0.51.0 h1:A3SayB3rNyt+1S6qpI9mHPkeHTZbD7XILEqWnYZb2l0=
go.opentelemetry.io/contrib/instrumentation/google.golang.org/grpc/otelgrpc v0.51.0/go.mod h1:27iA5uvhuRNmalO+iEUdVn5ZMj2qy10Mm+XRIpRmyuU=
go.opentelemetry.io/contrib/instrumentation/net/http/otelhttp v0.51.0 h1:Xs2Ncz0gNihqu9iosIZ5SkBbWo5T8JhhLJFMQL1qmLI=
go.opentelemetry.io/contrib/instrumentation/net/http/otelhttp v0.51.0/go.mod h1:vy+2G/6NvVMpwGX/NyLqcC41fxepnuKHk16E6IZUcJc=
go.opentelemetry.io/otel v1.26.0 h1:LQwgL5s/1W7YiiRwxf03QGnWLb2HW4pLiAhaA5cZXBs=
go.opentelemetry.io/otel v1.26.0/go.mod h1:UmLkJHUAidDval2EICqBMbnAd0/m2vmpf/dAM+fvFs4=
go.opentelemetry.io/otel/metric v1.26.0 h1:7S39CLuY5Jgg9CrnA9HHiEjGMF/X2VHvoXGgSllRz30=
go.opentelemetry.io/otel/metric v1.26.0/go.mod h1:SY+rHOI4cEawI9a7N1A4nIg/nTQXe1ccCNWYOJUrpX4=
go.opentelemetry.io/otel/trace v1.26.0 h1:1ieeAUb4y0TE26jUFrCIXKpTuVK7uJGN9/Z/2LP5sQA=
go.opentelemetry.io/otel/trace v1.26.0/go.mod h1:4iDxvGDQuUkHve82hJJ8UqrwswHYsZuWCBllGV2U2y0=
golang.org/x/crypto v0.0.0-20190308221718-c2843e01d9a2/go.mod h1:djNgcEr1/C05ACkg1iLfiJU5Ep61QUkGW8qpdssI0+w=
golang.org/x/crypto v0.0.0-20191011191535-87dc89f01550/go.mod h1:yigFU9vqHzYiE8UmvKecakEJjdnWj3jj499lnFckfCI=
golang.org/x/crypto v0.0.0-20200622213623-75b288015ac9/go.mod h1:LzIPMQfyMNhhGPhUkYOs5KpL4U8rLKemX1yGLhDgUto=
golang.org/x/crypto v0.36.0 h1:AnAEvhDddvBdpY+uR+MyHmuZzzNqXSe/GvuDeob5L34=
golang.org/x/crypto v0.36.0/go.mod h1:Y4J0ReaxCR1IMaabaSMugxJES1EpwhBHhv2bDHklZvc=
golang.org/x/exp v0.0.0-20190121172915-509febef88a4/go.mod h1:CJ0aWSM057203Lf6IL+f9T1iT9GByDxfZKAQTCR3kQA=
golang.org/x/exp v0.0.0-20241217172543-b2144cdd0a67 h1:1UoZQm6f0P/ZO0w1Ri+f+ifG/gXhegadRdwBIXEFWDo=
golang.org/x/exp v0.0.0-20241217172543-b2144cdd0a67/go.mod h1:qj5a5QZpwLU2NLQudwIN5koi3beDhSAlJwa67PuM98c=
golang.org/x/lint v0.0.0-20181026193005-c67002cb31c3/go.mod h1:UVdnD1Gm6xHRNCYTkRU2/jEulfH38KcIWyp/GAMgvoE=
golang.org/x/lint v0.0.0-20190227174305-5b3e6a55c961/go.mod h1:wehouNa3lNwaWXcvxsM5YxQ5yQlVC4a0KAMCusXpPoU=
golang.org/x/lint v0.0.0-20190313153728-d0100b6bd8b3/go.mod h1:6SW0HCj/g11FgYtHlgUYUwCkIfeOF89ocIRzGO/8vkc=
golang.org/x/mod v0.4.2/go.mod h1:s0Qsj1ACt9ePp/hMypM3fl4fZqREWJwdYDEqhRiZZUA=
golang.org/x/mod v0.24.0 h1:ZfthKaKaT4NrhGVZHO1/WDTwGES4De8KtWO0SIbNJMU=
golang.org/x/mod v0.24.0/go.mod h1:IXM97Txy2VM4PJ3gI61r1YEk/gAj6zAHN3AdZt6S9Ww=
golang.org/x/net v0.0.0-20180724234803-3673e40ba225/go.mod h1:mL1N/T3taQHkDXs73rZJwtUhF3w3ftmwwsq0BUmARs4=
golang.org/x/net v0.0.0-20180826012351-8a410e7b638d/go.mod h1:mL1N/T3taQHkDXs73rZJwtUhF3w3ftmwwsq0BUmARs4=
golang.org/x/net v0.0.0-20190213061140-3a22650c66bd/go.mod h1:mL1N/T3taQHkDXs73rZJwtUhF3w3ftmwwsq0BUmARs4=
golang.org/x/net v0.0.0-20190311183353-d8887717615a/go.mod h1:t9HGtf8HONx5eT2rtn7q6eTqICYqUVnKs3thJo3Qplg=
golang.org/x/net v0.0.0-20190404232315-eb5bcb51f2a3/go.mod h1:t9HGtf8HONx5eT2rtn7q6eTqICYqUVnKs3thJo3Qplg=
golang.org/x/net v0.0.0-20190620200207-3b0461eec859/go.mod h1:z5CRVTTTmAJ677TzLLGU+0bjPO0LkuOLi4/5GtJWs/s=
golang.org/x/net v0.0.0-20201110031124-69a78807bb2b/go.mod h1:sp8m0HH+o8qH0wwXwYZr8TS3Oi6o0r6Gce1SSxlDquU=
golang.org/x/net v0.0.0-20210405180319-a5a99cb37ef4/go.mod h1:p54w0d4576C0XHj96bSt6lcn1PtDYWL6XObtHCRCNQM=
golang.org/x/net v0.37.0 h1:1zLorHbz+LYj7MQlSf1+2tPIIgibq2eL5xkrGk6f+2c=
golang.org/x/net v0.37.0/go.mod h1:ivrbrMbzFq5J41QOQh0siUuly180yBYtLp+CKbEaFx8=
golang.org/x/oauth2 v0.0.0-20180821212333-d2e6202438be/go.mod h1:N/0e6XlmueqKjAGxoOufVs8QHGRruUQn6yWY3a++T0U=
golang.org/x/oauth2 v0.30.0 h1:dnDm7JmhM45NNpd8FDDeLhK6FwqbOf4MLCM9zb1BOHI=
golang.org/x/oauth2 v0.30.0/go.mod h1:B++QgG3ZKulg6sRPGD/mqlHQs5rB3Ml9erfeDY7xKlU=
golang.org/x/sync v0.0.0-20180314180146-1d60e4601c6f/go.mod h1:RxMgew5VJxzue5/jJTE5uejpjVlOe/izrB70Jof72aM=
golang.org/x/sync v0.0.0-20181108010431-42b317875d0f/go.mod h1:RxMgew5VJxzue5/jJTE5uejpjVlOe/izrB70Jof72aM=
golang.org/x/sync v0.0.0-20190423024810-112230192c58/go.mod h1:RxMgew5VJxzue5/jJTE5uejpjVlOe/izrB70Jof72aM=
golang.org/x/sync v0.0.0-20210220032951-036812b2e83c/go.mod h1:RxMgew5VJxzue5/jJTE5uejpjVlOe/izrB70Jof72aM=
golang.org/x/sync v0.13.0 h1:AauUjRAJ9OSnvULf/ARrrVywoJDy0YS2AwQ98I37610=
golang.org/x/sync v0.13.0/go.mod h1:1dzgHSNfp02xaA81J2MS99Qcpr2w7fw1gpm99rleRqA=
golang.org/x/sys v0.0.0-20180830151530-49385e6e1522/go.mod h1:STP8DvDyc/dI5b8T5hshtkjS+E42TnysNCUPdjciGhY=
golang.org/x/sys v0.0.0-20190215142949-d0b11bdaac8a/go.mod h1:STP8DvDyc/dI5b8T5hshtkjS+E42TnysNCUPdjciGhY=
golang.org/x/sys v0.0.0-20190412213103-97732733099d/go.mod h1:h1NjWce9XRLGQEsW7wpKNCjG9DtNlClVuFLEZdDNbEs=
golang.org/x/sys v0.0.0-20200930185726-fdedc70b468f/go.mod h1:h1NjWce9XRLGQEsW7wpKNCjG9DtNlClVuFLEZdDNbEs=
golang.org/x/sys v0.0.0-20201119102817-f84b799fce68/go.mod h1:h1NjWce9XRLGQEsW7wpKNCjG9DtNlClVuFLEZdDNbEs=
golang.org/x/sys v0.0.0-20210330210617-4fbd30eecc44/go.mod h1:h1NjWce9XRLGQEsW7wpKNCjG9DtNlClVuFLEZdDNbEs=
golang.org/x/sys v0.0.0-20210510120138-977fb7262007/go.mod h1:oPkhp1MJrh7nUepCBck5+mAzfO9JrbApNNgaTdGDITg=
golang.org/x/sys v0.0.0-20220811171246-fbc7d0a398ab/go.mod h1:oPkhp1MJrh7nUepCBck5+mAzfO9JrbApNNgaTdGDITg=
golang.org/x/sys v0.6.0/go.mod h1:oPkhp1MJrh7nUepCBck5+mAzfO9JrbApNNgaTdGDITg=
golang.org/x/sys v0.12.0/go.mod h1:oPkhp1MJrh7nUepCBck5+mAzfO9JrbApNNgaTdGDITg=
golang.org/x/sys v0.31.0 h1:ioabZlmFYtWhL+TRYpcnNlLwhyxaM9kWTDEmfnprqik=
golang.org/x/sys v0.31.0/go.mod h1:BJP2sWEmIv4KK5OTEluFJCKSidICx8ciO85XgH3Ak8k=
golang.org/x/term v0.0.0-20201126162022-7de9c90e9dd1/go.mod h1:bj7SfCRtBDWHUb9snDiAeCFNEtKQo2Wmx5Cou7ajbmo=
golang.org/x/text v0.3.0/go.mod h1:NqM8EUOU14njkJ3fqMW+pc6Ldnwhi/IjpwHt7yyuwOQ=
golang.org/x/text v0.3.3/go.mod h1:5Zoc/QRtKVWzQhOtBMvqHzDpF6irO9z98xDceosuGiQ=
golang.org/x/text v0.24.0 h1:dd5Bzh4yt5KYA8f9CJHCP4FB4D51c2c6JvN37xJJkJ0=
golang.org/x/text v0.24.0/go.mod h1:L8rBsPeo2pSS+xqN0d5u2ikmjtmoJbDBT1b7nHvFCdU=
golang.org/x/time v0.5.0 h1:o7cqy6amK/52YcAKIPlM3a+Fpj35zvRj2TP+e1xFSfk=
golang.org/x/time v0.5.0/go.mod h1:3BpzKBy/shNhVucY/MWOyx10tF3SFh9QdLuxbVysPQM=
golang.org/x/tools v0.0.0-20180917221912-90fa682c2a6e/go.mod h1:n7NCudcB/nEzxVGmLbDWY5pfWTLqBcC2KZ6jyYvM4mQ=
golang.org/x/tools v0.0.0-20190114222345-bf090417da8b/go.mod h1:n7NCudcB/nEzxVGmLbDWY5pfWTLqBcC2KZ6jyYvM4mQ=
golang.org/x/tools v0.0.0-20190226205152-f727befe758c/go.mod h1:9Yl7xja0Znq3iFh3HoIrodX9oNMXvdceNzlUR8zjMvY=
golang.org/x/tools v0.0.0-20190311212946-11955173bddd/go.mod h1:LCzVGOaR6xXOjkQ3onu1FJEFr0SW1gC7cKk1uF8kGRs=
golang.org/x/tools v0.0.0-20190524140312-2c0ae7006135/go.mod h1:RgjU9mgBXZiqYHBnxXauZ1Gv1EHHAz9KjViQ78xBX0Q=
golang.org/x/tools v0.0.0-20191119224855-298f0cb1881e/go.mod h1:b+2E5dAYhXwXZwtnZ6UAqBI28+e2cm9otk0dWdXHAEo=
golang.org/x/tools v0.1.1/go.mod h1:o0xws9oXOQQZyjljx8fwUC0k7L1pTE6eaCbjGeHmOkk=
golang.org/x/tools v0.31.0 h1:0EedkvKDbh+qistFTd0Bcwe/YLh4vHwWEkiI0toFIBU=
golang.org/x/tools v0.31.0/go.mod h1:naFTU+Cev749tSJRXJlna0T3WxKvb1kWEx15xA4SdmQ=
golang.org/x/xerrors v0.0.0-20190717185122-a985d3407aa7/go.mod h1:I/5z698sn9Ka8TeJc9MKroUUfqBBauWjQqLJ2OPfmY0=
golang.org/x/xerrors v0.0.0-20191011141410-1b5146add898/go.mod h1:I/5z698sn9Ka8TeJc9MKroUUfqBBauWjQqLJ2OPfmY0=
golang.org/x/xerrors v0.0.0-20191204190536-9bdfabe68543/go.mod h1:I/5z698sn9Ka8TeJc9MKroUUfqBBauWjQqLJ2OPfmY0=
golang.org/x/xerrors v0.0.0-20200804184101-5ec99f83aff1/go.mod h1:I/5z698sn9Ka8TeJc9MKroUUfqBBauWjQqLJ2OPfmY0=
google.golang.org/api v0.183.0 h1:PNMeRDwo1pJdgNcFQ9GstuLe/noWKIc89pRWRLMvLwE=
google.golang.org/api v0.183.0/go.mod h1:q43adC5/pHoSZTx5h2mSmdF7NcyfW9JuDyIOJAgS9ZQ=
google.golang.org/appengine v1.1.0/go.mod h1:EbEs0AVv82hx2wNQdGPgUI5lhzA/G0D9YwlJXL52JkM=
google.golang.org/appengine v1.4.0/go.mod h1:xpcJRLb0r/rnEns0DIKYYv+WjYCduHsrkT7/EB5XEv4=
google.golang.org/genproto v0.0.0-20180817151627-c66870c02cf8/go.mod h1:JiN7NxoALGmiZfu7CAH4rXhgtRTLTxftemlI0sWmxmc=
google.golang.org/genproto v0.0.0-20190819201941-24fa4b261c55/go.mod h1:DMBHOl98Agz4BDEuKkezgsaosCRResVns1a3J2ZsMNc=
google.golang.org/genproto v0.0.0-20200526211855-cb27e3aa2013/go.mod h1:NbSheEEYHJ7i3ixzK3sjbqSGDJWnxyFXZblF3eUsNvo=
google.golang.org/genproto v0.0.0-20240528184218-531527333157 h1:u7WMYrIrVvs0TF5yaKwKNbcJyySYf+HAIFXxWltJOXE=
google.golang.org/genproto v0.0.0-20240528184218-531527333157/go.mod h1:ubQlAQnzejB8uZzszhrTCU2Fyp6Vi7ZE5nn0c3W8+qQ=
google.golang.org/genproto/googleapis/api v0.0.0-20240604185151-ef581f913117 h1:+rdxYoE3E5htTEWIe15GlN6IfvbURM//Jt0mmkmm6ZU=
google.golang.org/genproto/googleapis/api v0.0.0-20240604185151-ef581f913117/go.mod h1:OimBR/bc1wPO9iV4NC2bpyjy3VnAwZh5EBPQdtaE5oo=
google.golang.org/genproto/googleapis/rpc v0.0.0-20240604185151-ef581f913117 h1:1GBuWVLM/KMVUv1t1En5Gs+gFZCNd360GGb4sSxtrhU=
google.golang.org/genproto/googleapis/rpc v0.0.0-20240604185151-ef581f913117/go.mod h1:EfXuqaE1J41VCDicxHzUDm+8rk+7ZdXzHV0IhO/I6s0=
google.golang.org/grpc v1.19.0/go.mod h1:mqu4LbDTu4XGKhr4mRzUsmM4RtVoemTSY81AxZiDr8c=
google.golang.org/grpc v1.23.0/go.mod h1:Y5yQAOtifL1yxbo5wqy6BxZv8vAUGQwXBOALyacEbxg=
google.golang.org/grpc v1.25.1/go.mod h1:c3i+UQWmh7LiEpx4sFZnkU36qjEYZ0imhYfXVyQciAY=
google.golang.org/grpc v1.27.0/go.mod h1:qbnxyOmOxrQa7FizSgH+ReBfzJrCY1pSN7KXBS8abTk=
google.golang.org/grpc v1.33.2/go.mod h1:JMHMWHQWaTccqQQlmk3MJZS+GWXOdAesneDmEnv2fbc=
google.golang.org/grpc v1.64.0 h1:KH3VH9y/MgNQg1dE7b3XfVK0GsPSIzJwdF617gUSbvY=
google.golang.org/grpc v1.64.0/go.mod h1:oxjF8E3FBnjp+/gVFYdWacaLDx9na1aqy9oovLpxQYg=
google.golang.org/protobuf v0.0.0-20200109180630-ec00e32a8dfd/go.mod h1:DFci5gLYBciE7Vtevhsrf46CRTquxDuWsQurQQe4oz8=
google.golang.org/protobuf v0.0.0-20200221191635-4d8936d0db64/go.mod h1:kwYJMbMJ01Woi6D6+Kah6886xMZcty6N08ah7+eCXa0=
google.golang.org/protobuf v0.0.0-20200228230310-ab0ca4ff8a60/go.mod h1:cfTl7dwQJ+fmap5saPgwCLgHXTUD7jkjRqWcaiX5VyM=
google.golang.org/protobuf v1.20.1-0.20200309200217-e05f789c0967/go.mod h1:A+miEFZTKqfCUM6K7xSMQL9OKL/b6hQv+e19PK+JZNE=
google.golang.org/protobuf v1.21.0/go.mod h1:47Nbq4nVaFHyn7ilMalzfO3qCViNmqZ2kzikPIcrTAo=
google.golang.org/protobuf v1.22.0/go.mod h1:EGpADcykh3NcUnDUJcl1+ZksZNG86OlYog2l/sGQquU=
google.golang.org/protobuf v1.23.0/go.mod h1:EGpADcykh3NcUnDUJcl1+ZksZNG86OlYog2l/sGQquU=
google.golang.org/protobuf v1.23.1-0.20200526195155-81db48ad09cc/go.mod h1:EGpADcykh3NcUnDUJcl1+ZksZNG86OlYog2l/sGQquU=
google.golang.org/protobuf v1.25.0/go.mod h1:9JNX74DMeImyA3h4bdi1ymwjUzf21/xIlbajtzgsN7c=
google.golang.org/protobuf v1.34.1 h1:9ddQBjfCyZPOHPUiPxpYESBLc+T8P3E+Vo4IbKZgFWg=
google.golang.org/protobuf v1.34.1/go.mod h1:c6P6GXX6sHbq/GpV6MGZEdwhWPcYBgnhAHhKbcUYpos=
gopkg.in/check.v1 v0.0.0-20161208181325-20d25e280405/go.mod h1:Co6ibVJAznAaIkqp8huTwlJQCZ016jof/cbN4VW5Yz0=
gopkg.in/check.v1 v1.0.0-20200227125254-8fa46927fb4f/go.mod h1:Co6ibVJAznAaIkqp8huTwlJQCZ016jof/cbN4VW5Yz0=
gopkg.in/yaml.v2 v2.4.0 h1:D8xgwECY7CYvx+Y2n4sBz93Jn9JRvxdiyyo8CTfuKaY=
gopkg.in/yaml.v2 v2.4.0/go.mod h1:RDklbk79AGWmwhnvt/jBztapEOGDOx6ZbXqjP6csGnQ=
gopkg.in/yaml.v3 v3.0.0-20200313102051-9f266ea9e77c/go.mod h1:K4uyk7z7BCEPqu6E+C64Yfv1cQ7kz7rIZviUmN+EgEM=
gopkg.in/yaml.v3 v3.0.1 h1:fxVm/GzAzEWqLHuvctI91KS9hhNmmWOoWu0XTYJS7CA=
gopkg.in/yaml.v3 v3.0.1/go.mod h1:K4uyk7z7BCEPqu6E+C64Yfv1cQ7kz7rIZviUmN+EgEM=
gorm.io/datatypes v1.2.4 h1:uZmGAcK/QZ0uyfCuVg0VQY1ZmV9h1fuG0tMwKByO1z4=
gorm.io/datatypes v1.2.4/go.mod h1:f4BsLcFAX67szSv8svwLRjklArSHAvHLeE3pXAS5DZI=
gorm.io/driver/mysql v1.5.7 h1:MndhOPYOfEp2rHKgkZIhJ16eVUIRf2HmzgoPmh7FCWo=
gorm.io/driver/mysql v1.5.7/go.mod h1:sEtPWMiqiN1N1cMXoXmBbd8C6/l+TESwriotuRRpkDM=
gorm.io/driver/postgres v1.5.11 h1:ubBVAfbKEUld/twyKZ0IYn9rSQh448EdelLYk9Mv314=
gorm.io/driver/postgres v1.5.11/go.mod h1:DX3GReXH+3FPWGrrgffdvCk3DQ1dwDPdmbenSkweRGI=
gorm.io/driver/sqlite v1.1.6/go.mod h1:W8LmC/6UvVbHKah0+QOC7Ja66EaZXHwUTjgXY8YNWX8=
gorm.io/driver/sqlite v1.4.3 h1:HBBcZSDnWi5BW3B3rwvVTc510KGkBkexlOg0QrmLUuU=
gorm.io/driver/sqlite v1.4.3/go.mod h1:0Aq3iPO+v9ZKbcdiz8gLWRw5VOPcBOPUQJFLq5e2ecI=
gorm.io/driver/sqlserver v1.4.1 h1:t4r4r6Jam5E6ejqP7N82qAJIJAht27EGT41HyPfXRw0=
gorm.io/driver/sqlserver v1.4.1/go.mod h1:DJ4P+MeZbc5rvY58PnmN1Lnyvb5gw5NPzGshHDnJLig=
gorm.io/gen v0.3.27 h1:ziocAFLpE7e0g4Rum69pGfB9S6DweTxK8gAun7cU8as=
gorm.io/gen v0.3.27/go.mod h1:9zquz2xD1f3Eb/eHq4oLn2z6vDVvQlCY5S3uMBLv4EA=
gorm.io/gorm v1.21.15/go.mod h1:F+OptMscr0P2F2qU97WT1WimdH9GaQPoDW7AYd5i2Y0=
gorm.io/gorm v1.22.2/go.mod h1:F+OptMscr0P2F2qU97WT1WimdH9GaQPoDW7AYd5i2Y0=
gorm.io/gorm v1.25.7/go.mod h1:hbnx/Oo0ChWMn1BIhpy1oYozzpM15i4YPuHDmfYtwg8=
gorm.io/gorm v1.26.1 h1:ghB2gUI9FkS46luZtn6DLZ0f6ooBJ5IbVej2ENFDjRw=
gorm.io/gorm v1.26.1/go.mod h1:8Z33v652h4//uMA76KjeDH8mJXPm1QNCYrMeatR0DOE=
gorm.io/hints v1.1.0 h1:Lp4z3rxREufSdxn4qmkK3TLDltrM10FLTHiuqwDPvXw=
gorm.io/hints v1.1.0/go.mod h1:lKQ0JjySsPBj3uslFzY3JhYDtqEwzm+G1hv8rWujB6Y=
gorm.io/plugin/dbresolver v1.6.0 h1:XvKDeOtTn1EIX6s4SrKpEH82q0gXVemhYjbYZFGFVcw=
gorm.io/plugin/dbresolver v1.6.0/go.mod h1:tctw63jdrOezFR9HmrKnPkmig3m5Edem9fdxk9bQSzM=
honnef.co/go/tools v0.0.0-20190102054323-c2f93a96b099/go.mod h1:rf3lG4BRIbNafJWhAfAdb/ePZxsR/4RtNHQocxwk9r4=
honnef.co/go/tools v0.0.0-20190523083050-ea95bdfd59fc/go.mod h1:rf3lG4BRIbNafJWhAfAdb/ePZxsR/4RtNHQocxwk9r4=
mellium.im/sasl v0.3.1 h1:wE0LW6g7U83vhvxjC1IY8DnXM+EU095yeo8XClvCdfo=
mellium.im/sasl v0.3.1/go.mod h1:xm59PUYpZHhgQ9ZqoJ5QaCqzWMi8IeS49dhp6plPCzw=
sigs.k8s.io/yaml v1.3.0 h1:a2VclLzOGrwOHDiV8EfBGhvjHvP46CtW5j6POvhYGGo=
sigs.k8s.io/yaml v1.3.0/go.mod h1:GeOyir5tyXNByN85N/dRIT9es5UQNerPYEKK56eTBm8=
